
Microsoft Visual Studio Solution File, Format Version 12.00
# Visual Studio Version 17
VisualStudioVersion = 17.13.35919.96
MinimumVisualStudioVersion = 10.0.40219.1
Project("{FAE04EC0-301F-11D3-BF4B-00C04F79EFBC}") = "WebSockets.Otp.Abstractions", "WebSocket.Otp.Abstractions\WebSockets.Otp.Abstractions.csproj", "{F25982DF-0EBF-4119-8A9E-B34C6D24C4D4}"
EndProject
Project("{FAE04EC0-301F-11D3-BF4B-00C04F79EFBC}") = "WebSockets.Otp.Api", "WebSocket.Otp.Api\WebSockets.Otp.Api.csproj", "{1E3A0A94-1223-4636-965E-B74D7493CCDB}"
EndProject
Project("{FAE04EC0-301F-11D3-BF4B-00C04F79EFBC}") = "WebSockets.Otp.Core", "WebSockets.Otp.Core\WebSockets.Otp.Core.csproj", "{F7970DEE-FB52-4023-B92A-7793AB608EE5}"
EndProject
Project("{FAE04EC0-301F-11D3-BF4B-00C04F79EFBC}") = "WebSockets.Otp.Benchmark", "WebSockets.Otp.Benchmark\WebSockets.Otp.Benchmark.csproj", "{9BC14B84-C8E0-4642-A226-708D440FC075}"
EndProject
Project("{FAE04EC0-301F-11D3-BF4B-00C04F79EFBC}") = "WebSockets.Otp.Core.Tests", "WebSockets.Otp.Core.Tests\WebSockets.Otp.Core.Tests.csproj", "{7FBF7553-1184-4899-89D5-0474D81AB319}"
EndProject
Global
	GlobalSection(SolutionConfigurationPlatforms) = preSolution
		Debug|Any CPU = Debug|Any CPU
		Release|Any CPU = Release|Any CPU
	EndGlobalSection
	GlobalSection(ProjectConfigurationPlatforms) = postSolution
		{F25982DF-0EBF-4119-8A9E-B34C6D24C4D4}.Debug|Any CPU.ActiveCfg = Debug|Any CPU
		{F25982DF-0EBF-4119-8A9E-B34C6D24C4D4}.Debug|Any CPU.Build.0 = Debug|Any CPU
		{F25982DF-0EBF-4119-8A9E-B34C6D24C4D4}.Release|Any CPU.ActiveCfg = Release|Any CPU
		{F25982DF-0EBF-4119-8A9E-B34C6D24C4D4}.Release|Any CPU.Build.0 = Release|Any CPU
		{1E3A0A94-1223-4636-965E-B74D7493CCDB}.Debug|Any CPU.ActiveCfg = Debug|Any CPU
		{1E3A0A94-1223-4636-965E-B74D7493CCDB}.Debug|Any CPU.Build.0 = Debug|Any CPU
		{1E3A0A94-1223-4636-965E-B74D7493CCDB}.Release|Any CPU.ActiveCfg = Release|Any CPU
		{1E3A0A94-1223-4636-965E-B74D7493CCDB}.Release|Any CPU.Build.0 = Release|Any CPU
		{F7970DEE-FB52-4023-B92A-7793AB608EE5}.Debug|Any CPU.ActiveCfg = Debug|Any CPU
		{F7970DEE-FB52-4023-B92A-7793AB608EE5}.Debug|Any CPU.Build.0 = Debug|Any CPU
		{F7970DEE-FB52-4023-B92A-7793AB608EE5}.Release|Any CPU.ActiveCfg = Release|Any CPU
		{F7970DEE-FB52-4023-B92A-7793AB608EE5}.Release|Any CPU.Build.0 = Release|Any CPU
		{9BC14B84-C8E0-4642-A226-708D440FC075}.Debug|Any CPU.ActiveCfg = Debug|Any CPU
		{9BC14B84-C8E0-4642-A226-708D440FC075}.Debug|Any CPU.Build.0 = Debug|Any CPU
		{9BC14B84-C8E0-4642-A226-708D440FC075}.Release|Any CPU.ActiveCfg = Release|Any CPU
		{9BC14B84-C8E0-4642-A226-708D440FC075}.Release|Any CPU.Build.0 = Release|Any CPU
		{7FBF7553-1184-4899-89D5-0474D81AB319}.Debug|Any CPU.ActiveCfg = Debug|Any CPU
		{7FBF7553-1184-4899-89D5-0474D81AB319}.Debug|Any CPU.Build.0 = Debug|Any CPU
		{7FBF7553-1184-4899-89D5-0474D81AB319}.Release|Any CPU.ActiveCfg = Release|Any CPU
		{7FBF7553-1184-4899-89D5-0474D81AB319}.Release|Any CPU.Build.0 = Release|Any CPU
	EndGlobalSection
	GlobalSection(SolutionProperties) = preSolution
		HideSolutionNode = FALSE
	EndGlobalSection
	GlobalSection(ExtensibilityGlobals) = postSolution
		SolutionGuid = {0AD4E635-F98F-473D-9662-FC4D1338CA3D}
	EndGlobalSection
EndGlobal
